// !$*UTF8*$!
{
	archiveVersion = 1;
	classes = {
	};
	objectVersion = 46;
	objects = {

/* Begin PBXBuildFile section */
		509F0BA419F49C3100497073 /* AppDelegate.swift in Sources */ = {isa = PBXBuildFile; fileRef = 509F0BA319F49C3100497073 /* AppDelegate.swift */; };
		509F0BA719F49C3100497073 /* SwiftTipCalc.xcdatamodeld in Sources */ = {isa = PBXBuildFile; fileRef = 509F0BA519F49C3100497073 /* SwiftTipCalc.xcdatamodeld */; };
		509F0BA919F49C3100497073 /* ViewController.swift in Sources */ = {isa = PBXBuildFile; fileRef = 509F0BA819F49C3100497073 /* ViewController.swift */; };
		509F0BAC19F49C3100497073 /* Main.storyboard in Resources */ = {isa = PBXBuildFile; fileRef = 509F0BAA19F49C3100497073 /* Main.storyboard */; };
		509F0BAE19F49C3200497073 /* Images.xcassets in Resources */ = {isa = PBXBuildFile; fileRef = 509F0BAD19F49C3200497073 /* Images.xcassets */; };
		509F0BB119F49C3200497073 /* LaunchScreen.xib in Resources */ = {isa = PBXBuildFile; fileRef = 509F0BAF19F49C3200497073 /* LaunchScreen.xib */; };
		509F0BBD19F49C3200497073 /* SwiftTipCalcTests.swift in Sources */ = {isa = PBXBuildFile; fileRef = 509F0BBC19F49C3200497073 /* SwiftTipCalcTests.swift */; };
/* End PBXBuildFile section */

/* Begin PBXContainerItemProxy section */
		509F0BB719F49C3200497073 /* PBXContainerItemProxy */ = {
			isa = PBXContainerItemProxy;
			containerPortal = 509F0B9619F49C3100497073 /* Project object */;
			proxyType = 1;
			remoteGlobalIDString = 509F0B9D19F49C3100497073;
			remoteInfo = SwiftTipCalc;
		};
/* End PBXContainerItemProxy section */

/* Begin PBXFileReference section */
		509F0B9E19F49C3100497073 /* SwiftTipCalc.app */ = {isa = PBXFileReference; explicitFileType = wrapper.application; includeInIndex = 0; path = SwiftTipCalc.app; sourceTree = BUILT_PRODUCTS_DIR; };
		509F0BA219F49C3100497073 /* Info.plist */ = {isa = PBXFileReference; lastKnownFileType = text.plist.xml; path = Info.plist; sourceTree = "<group>"; };
		509F0BA319F49C3100497073 /* AppDelegate.swift */ = {isa = PBXFileReference; lastKnownFileType = sourcecode.swift; path = AppDelegate.swift; sourceTree = "<group>"; };
		509F0BA619F49C3100497073 /* SwiftTipCalc.xcdatamodel */ = {isa = PBXFileReference; lastKnownFileType = wrapper.xcdatamodel; path = SwiftTipCalc.xcdatamodel; sourceTree = "<group>"; };
		509F0BA819F49C3100497073 /* ViewController.swift */ = {isa = PBXFileReference; lastKnownFileType = sourcecode.swift; path = ViewController.swift; sourceTree = "<group>"; };
		509F0BAB19F49C3100497073 /* Base */ = {isa = PBXFileReference; lastKnownFileType = file.storyboard; name = Base; path = Base.lproj/Main.storyboard; sourceTree = "<group>"; };
		509F0BAD19F49C3200497073 /* Images.xcassets */ = {isa = PBXFileReference; lastKnownFileType = folder.assetcatalog; path = Images.xcassets; sourceTree = "<group>"; };
		509F0BB019F49C3200497073 /* Base */ = {isa = PBXFileReference; lastKnownFileType = file.xib; name = Base; path = Base.lproj/LaunchScreen.xib; sourceTree = "<group>"; };
		509F0BB619F49C3200497073 /* SwiftTipCalcTests.xctest */ = {isa = PBXFileReference; explicitFileType = wrapper.cfbundle; includeInIndex = 0; path = SwiftTipCalcTests.xctest; sourceTree = BUILT_PRODUCTS_DIR; };
		509F0BBB19F49C3200497073 /* Info.plist */ = {isa = PBXFileReference; lastKnownFileType = text.plist.xml; path = Info.plist; sourceTree = "<group>"; };
		509F0BBC19F49C3200497073 /* SwiftTipCalcTests.swift */ = {isa = PBXFileReference; lastKnownFileType = sourcecode.swift; path = SwiftTipCalcTests.swift; sourceTree = "<group>"; };
/* End PBXFileReference section */

/* Begin PBXFrameworksBuildPhase section */
		509F0B9B19F49C3100497073 /* Frameworks */ = {
			isa = PBXFrameworksBuildPhase;
			buildActionMask = 2147483647;
			files = (
			);
			runOnlyForDeploymentPostprocessing = 0;
		};
		509F0BB319F49C3200497073 /* Frameworks */ = {
			isa = PBXFrameworksBuildPhase;
			buildActionMask = 2147483647;
			files = (
			);
			runOnlyForDeploymentPostprocessing = 0;
		};
/* End PBXFrameworksBuildPhase section */

/* Begin PBXGroup section */
		509F0B9519F49C3100497073 = {
			isa = PBXGroup;
			children = (
				509F0BA019F49C3100497073 /* SwiftTipCalc */,
				509F0BB919F49C3200497073 /* SwiftTipCalcTests */,
				509F0B9F19F49C3100497073 /* Products */,
			);
			sourceTree = "<group>";
		};
		509F0B9F19F49C3100497073 /* Products */ = {
			isa = PBXGroup;
			children = (
				509F0B9E19F49C3100497073 /* SwiftTipCalc.app */,
				509F0BB619F49C3200497073 /* SwiftTipCalcTests.xctest */,
			);
			name = Products;
			sourceTree = "<group>";
		};
		509F0BA019F49C3100497073 /* SwiftTipCalc */ = {
			isa = PBXGroup;
			children = (
				509F0BA319F49C3100497073 /* AppDelegate.swift */,
				509F0BA819F49C3100497073 /* ViewController.swift */,
				509F0BAA19F49C3100497073 /* Main.storyboard */,
				509F0BAD19F49C3200497073 /* Images.xcassets */,
				509F0BAF19F49C3200497073 /* LaunchScreen.xib */,
				509F0BA519F49C3100497073 /* SwiftTipCalc.xcdatamodeld */,
				509F0BA119F49C3100497073 /* Supporting Files */,
			);
			path = SwiftTipCalc;
			sourceTree = "<group>";
		};
		509F0BA119F49C3100497073 /* Supporting Files */ = {
			isa = PBXGroup;
			children = (
				509F0BA219F49C3100497073 /* Info.plist */,
			);
			name = "Supporting Files";
			sourceTree = "<group>";
		};
		509F0BB919F49C3200497073 /* SwiftTipCalcTests */ = {
			isa = PBXGroup;
			children = (
				509F0BBC19F49C3200497073 /* SwiftTipCalcTests.swift */,
				509F0BBA19F49C3200497073 /* Supporting Files */,
			);
			path = SwiftTipCalcTests;
			sourceTree = "<group>";
		};
		509F0BBA19F49C3200497073 /* Supporting Files */ = {
			isa = PBXGroup;
			children = (
				509F0BBB19F49C3200497073 /* Info.plist */,
			);
			name = "Supporting Files";
			sourceTree = "<group>";
		};
/* End PBXGroup section */

/* Begin PBXNativeTarget section */
		509F0B9D19F49C3100497073 /* SwiftTipCalc */ = {
			isa = PBXNativeTarget;
			buildConfigurationList = 509F0BC019F49C3200497073 /* Build configuration list for PBXNativeTarget "SwiftTipCalc" */;
			buildPhases = (
				509F0B9A19F49C3100497073 /* Sources */,
				509F0B9B19F49C3100497073 /* Frameworks */,
				509F0B9C19F49C3100497073 /* Resources */,
			);
			buildRules = (
			);
			dependencies = (
			);
			name = SwiftTipCalc;
			productName = SwiftTipCalc;
			productReference = 509F0B9E19F49C3100497073 /* SwiftTipCalc.app */;
			productType = "com.apple.product-type.application";
		};
		509F0BB519F49C3200497073 /* SwiftTipCalcTests */ = {
			isa = PBXNativeTarget;
			buildConfigurationList = 509F0BC319F49C3200497073 /* Build configuration list for PBXNativeTarget "SwiftTipCalcTests" */;
			buildPhases = (
				509F0BB219F49C3200497073 /* Sources */,
				509F0BB319F49C3200497073 /* Frameworks */,
				509F0BB419F49C3200497073 /* Resources */,
			);
			buildRules = (
			);
			dependencies = (
				509F0BB819F49C3200497073 /* PBXTargetDependency */,
			);
			name = SwiftTipCalcTests;
			productName = SwiftTipCalcTests;
			productReference = 509F0BB619F49C3200497073 /* SwiftTipCalcTests.xctest */;
			productType = "com.apple.product-type.bundle.unit-test";
		};
/* End PBXNativeTarget section */

/* Begin PBXProject section */
		509F0B9619F49C3100497073 /* Project object */ = {
			isa = PBXProject;
			attributes = {
				LastUpgradeCheck = 0600;
				ORGANIZATIONNAME = "Albert Saucedo";
				TargetAttributes = {
					509F0B9D19F49C3100497073 = {
						CreatedOnToolsVersion = 6.0.1;
					};
					509F0BB519F49C3200497073 = {
						CreatedOnToolsVersion = 6.0.1;
						TestTargetID = 509F0B9D19F49C3100497073;
					};
				};
			};
			buildConfigurationList = 509F0B9919F49C3100497073 /* Build configuration list for PBXProject "SwiftTipCalc" */;
			compatibilityVersion = "Xcode 3.2";
			developmentRegion = English;
			hasScannedForEncodings = 0;
			knownRegions = (
				en,
				Base,
			);
			mainGroup = 509F0B9519F49C3100497073;
			productRefGroup = 509F0B9F19F49C3100497073 /* Products */;
			projectDirPath = "";
			projectRoot = "";
			targets = (
				509F0B9D19F49C3100497073 /* SwiftTipCalc */,
				509F0BB519F49C3200497073 /* SwiftTipCalcTests */,
			);
		};
/* End PBXProject section */

/* Begin PBXResourcesBuildPhase section */
		509F0B9C19F49C3100497073 /* Resources */ = {
			isa = PBXResourcesBuildPhase;
			buildActionMask = 2147483647;
			files = (
				509F0BAC19F49C3100497073 /* Main.storyboard in Resources */,
				509F0BB119F49C3200497073 /* LaunchScreen.xib in Resources */,
				509F0BAE19F49C3200497073 /* Images.xcassets in Resources */,
			);
			runOnlyForDeploymentPostprocessing = 0;
		};
		509F0BB419F49C3200497073 /* Resources */ = {
			isa = PBXResourcesBuildPhase;
			buildActionMask = 2147483647;
			files = (
			);
			runOnlyForDeploymentPostprocessing = 0;
		};
/* End PBXResourcesBuildPhase section */

/* Begin PBXSourcesBuildPhase section */
		509F0B9A19F49C3100497073 /* Sources */ = {
			isa = PBXSourcesBuildPhase;
			buildActionMask = 2147483647;
			files = (
				509F0BA919F49C3100497073 /* ViewController.swift in Sources */,
				509F0BA719F49C3100497073 /* SwiftTipCalc.xcdatamodeld in Sources */,
				509F0BA419F49C3100497073 /* AppDelegate.swift in Sources */,
			);
			runOnlyForDeploymentPostprocessing = 0;
		};
		509F0BB219F49C3200497073 /* Sources */ = {
			isa = PBXSourcesBuildPhase;
			buildActionMask = 2147483647;
			files = (
				509F0BBD19F49C3200497073 /* SwiftTipCalcTests.swift in Sources */,
			);
			runOnlyForDeploymentPostprocessing = 0;
		};
/* End PBXSourcesBuildPhase section */

/* Begin PBXTargetDependency section */
		509F0BB819F49C3200497073 /* PBXTargetDependency */ = {
			isa = PBXTargetDependency;
			target = 509F0B9D19F49C3100497073 /* SwiftTipCalc */;
			targetProxy = 509F0BB719F49C3200497073 /* PBXContainerItemProxy */;
		};
/* End PBXTargetDependency section */

/* Begin PBXVariantGroup section */
		509F0BAA19F49C3100497073 /* Main.storyboard */ = {
			isa = PBXVariantGroup;
			children = (
				509F0BAB19F49C3100497073 /* Base */,
			);
			name = Main.storyboard;
			sourceTree = "<group>";
		};
		509F0BAF19F49C3200497073 /* LaunchScreen.xib */ = {
			isa = PBXVariantGroup;
			children = (
				509F0BB019F49C3200497073 /* Base */,
			);
			name = LaunchScreen.xib;
			sourceTree = "<group>";
		};
/* End PBXVariantGroup section */

/* Begin XCBuildConfiguration section */
		509F0BBE19F49C3200497073 /* Debug */ = {
			isa = XCBuildConfiguration;
			buildSettings = {
				ALWAYS_SEARCH_USER_PATHS = NO;
				CLANG_CXX_LANGUAGE_STANDARD = "gnu++0x";
				CLANG_CXX_LIBRARY = "libc++";
				CLANG_ENABLE_MODULES = YES;
				CLANG_ENABLE_OBJC_ARC = YES;
				CLANG_WARN_BOOL_CONVERSION = YES;
				CLANG_WARN_CONSTANT_CONVERSION = YES;
				CLANG_WARN_DIRECT_OBJC_ISA_USAGE = YES_ERROR;
				CLANG_WARN_EMPTY_BODY = YES;
				CLANG_WARN_ENUM_CONVERSION = YES;
				CLANG_WARN_INT_CONVERSION = YES;
				CLANG_WARN_OBJC_ROOT_CLASS = YES_ERROR;
				CLANG_WARN_UNREACHABLE_CODE = YES;
				CLANG_WARN__DUPLICATE_METHOD_MATCH = YES;
				"CODE_SIGN_IDENTITY[sdk=iphoneos*]" = "iPhone Developer";
				COPY_PHASE_STRIP = NO;
				ENABLE_STRICT_OBJC_MSGSEND = YES;
				GCC_C_LANGUAGE_STANDARD = gnu99;
				GCC_DYNAMIC_NO_PIC = NO;
				GCC_OPTIMIZATION_LEVEL = 0;
				GCC_PREPROCESSOR_DEFINITIONS = (
					"DEBUG=1",
					"$(inherited)",
				);
				GCC_SYMBOLS_PRIVATE_EXTERN = NO;
				GCC_WARN_64_TO_32_BIT_CONVERSION = YES;
				GCC_WARN_ABOUT_RETURN_TYPE = YES_ERROR;
				GCC_WARN_UNDECLARED_SELECTOR = YES;
				GCC_WARN_UNINITIALIZED_AUTOS = YES_AGGRESSIVE;
				GCC_WARN_UNUSED_FUNCTION = YES;
				GCC_WARN_UNUSED_VARIABLE = YES;
				IPHONEOS_DEPLOYMENT_TARGET = 8.0;
				MTL_ENABLE_DEBUG_INFO = YES;
				ONLY_ACTIVE_ARCH = YES;
				SDKROOT = iphoneos;
				SWIFT_OPTIMIZATION_LEVEL = "-Onone";
			};
			name = Debug;
		};
		509F0BBF19F49C3200497073 /* Release */ = {
			isa = XCBuildConfiguration;
			buildSettings = {
				ALWAYS_SEARCH_USER_PATHS = NO;
				CLANG_CXX_LANGUAGE_STANDARD = "gnu++0x";
				CLANG_CXX_LIBRARY = "libc++";
				CLANG_ENABLE_MODULES = YES;
				CLANG_ENABLE_OBJC_ARC = YES;
				CLANG_WARN_BOOL_CONVERSION = YES;
				CLANG_WARN_CONSTANT_CONVERSION = YES;
				CLANG_WARN_DIRECT_OBJC_ISA_USAGE = YES_ERROR;
				CLANG_WARN_EMPTY_BODY = YES;
				CLANG_WARN_ENUM_CONVERSION = YES;
				CLANG_WARN_INT_CONVERSION = YES;
				CLANG_WARN_OBJC_ROOT_CLASS = YES_ERROR;
				CLANG_WARN_UNREACHABLE_CODE = YES;
				CLANG_WARN__DUPLICATE_METHOD_MATCH = YES;
				"CODE_SIGN_IDENTITY[sdk=iphoneos*]" = "iPhone Developer";
				COPY_PHASE_STRIP = YES;
				ENABLE_NS_ASSERTIONS = NO;
				ENABLE_STRICT_OBJC_MSGSEND = YES;
				GCC_C_LANGUAGE_STANDARD = gnu99;
				GCC_WARN_64_TO_32_BIT_CONVERSION = YES;
				GCC_WARN_ABOUT_RETURN_TYPE = YES_ERROR;
				GCC_WARN_UNDECLARED_SELECTOR = YES;
				GCC_WARN_UNINITIALIZED_AUTOS = YES_AGGRESSIVE;
				GCC_WARN_UNUSED_FUNCTION = YES;
				GCC_WARN_UNUSED_VARIABLE = YES;
				IPHONEOS_DEPLOYMENT_TARGET = 8.0;
				MTL_ENABLE_DEBUG_INFO = NO;
				SDKROOT = iphoneos;
				VALIDATE_PRODUCT = YES;
			};
			name = Release;
		};
		509F0BC119F49C3200497073 /* Debug */ = {
			isa = XCBuildConfiguration;
			buildSettings = {
				ASSETCATALOG_COMPILER_APPICON_NAME = AppIcon;
				INFOPLIST_FILE = SwiftTipCalc/Info.plist;
				LD_RUNPATH_SEARCH_PATHS = "$(inherited) @executable_path/Frameworks";
				PRODUCT_NAME = "$(TARGET_NAME)";
			};
			name = Debug;
		};
		509F0BC219F49C3200497073 /* Release */ = {
			isa = XCBuildConfiguration;
			buildSettings = {
				ASSETCATALOG_COMPILER_APPICON_NAME = AppIcon;
				INFOPLIST_FILE = SwiftTipCalc/Info.plist;
				LD_RUNPATH_SEARCH_PATHS = "$(inherited) @executable_path/Frameworks";
				PRODUCT_NAME = "$(TARGET_NAME)";
			};
			name = Release;
		};
		509F0BC419F49C3200497073 /* Debug */ = {
			isa = XCBuildConfiguration;
			buildSettings = {
				BUNDLE_LOADER = "$(TEST_HOST)";
				FRAMEWORK_SEARCH_PATHS = (
					"$(SDKROOT)/Developer/Library/Frameworks",
					"$(inherited)",
				);
				GCC_PREPROCESSOR_DEFINITIONS = (
					"DEBUG=1",
					"$(inherited)",
				);
				INFOPLIST_FILE = SwiftTipCalcTests/Info.plist;
				LD_RUNPATH_SEARCH_PATHS = "$(inherited) @executable_path/Frameworks @loader_path/Frameworks";
				PRODUCT_NAME = "$(TARGET_NAME)";
				TEST_HOST = "$(BUILT_PRODUCTS_DIR)/SwiftTipCalc.app/SwiftTipCalc";
			};
			name = Debug;
		};
		509F0BC519F49C3200497073 /* Release */ = {
			isa = XCBuildConfiguration;
			buildSettings = {
				BUNDLE_LOADER = "$(TEST_HOST)";
				FRAMEWORK_SEARCH_PATHS = (
					"$(SDKROOT)/Developer/Library/Frameworks",
					"$(inherited)",
				);
				INFOPLIST_FILE = SwiftTipCalcTests/Info.plist;
				LD_RUNPATH_SEARCH_PATHS = "$(inherited) @executable_path/Frameworks @loader_path/Frameworks";
				PRODUCT_NAME = "$(TARGET_NAME)";
				TEST_HOST = "$(BUILT_PRODUCTS_DIR)/SwiftTipCalc.app/SwiftTipCalc";
			};
			name = Release;
		};
/* End XCBuildConfiguration section */

/* Begin XCConfigurationList section */
		509F0B9919F49C3100497073 /* Build configuration list for PBXProject "SwiftTipCalc" */ = {
			isa = XCConfigurationList;
			buildConfigurations = (
				509F0BBE19F49C3200497073 /* Debug */,
				509F0BBF19F49C3200497073 /* Release */,
			);
			defaultConfigurationIsVisible = 0;
			defaultConfigurationName = Release;
		};
		509F0BC019F49C3200497073 /* Build configuration list for PBXNativeTarget "SwiftTipCalc" */ = {
			isa = XCConfigurationList;
			buildConfigurations = (
				509F0BC119F49C3200497073 /* Debug */,
				509F0BC219F49C3200497073 /* Release */,
			);
			defaultConfigurationIsVisible = 0;
		};
		509F0BC319F49C3200497073 /* Build configuration list for PBXNativeTarget "SwiftTipCalcTests" */ = {
			isa = XCConfigurationList;
			buildConfigurations = (
				509F0BC419F49C3200497073 /* Debug */,
				509F0BC519F49C3200497073 /* Release */,
			);
			defaultConfigurationIsVisible = 0;
		};
/* End XCConfigurationList section */

/* Begin XCVersionGroup section */
		509F0BA519F49C3100497073 /* SwiftTipCalc.xcdatamodeld */ = {
			isa = XCVersionGroup;
			children = (
				509F0BA619F49C3100497073 /* SwiftTipCalc.xcdatamodel */,
			);
			currentVersion = 509F0BA619F49C3100497073 /* SwiftTipCalc.xcdatamodel */;
			path = SwiftTipCalc.xcdatamodeld;
			sourceTree = "<group>";
			versionGroupType = wrapper.xcdatamodel;
		};
/* End XCVersionGroup section */
	};
	rootObject = 509F0B9619F49C3100497073 /* Project object */;
}
